
Microsoft Visual Studio Solution File, Format Version 12.00
# Visual Studio 15
VisualStudioVersion = 15.0.28307.1684
MinimumVisualStudioVersion = 10.0.40219.1
Project("{FAE04EC0-301F-11D3-BF4B-00C04F79EFBC}") = "PersonalSite", "WebApplication1\PersonalSite.csproj", "{7ACFDE9C-E989-4236-84B1-30FEAA036093}"
EndProject
Global
	GlobalSection(SolutionConfigurationPlatforms) = preSolution
		Debug|Any CPU = Debug|Any CPU
		Release|Any CPU = Release|Any CPU
	EndGlobalSection
	GlobalSection(ProjectConfigurationPlatforms) = postSolution
		{7ACFDE9C-E989-4236-84B1-30FEAA036093}.Debug|Any CPU.ActiveCfg = Debug|Any CPU
		{7ACFDE9C-E989-4236-84B1-30FEAA036093}.Debug|Any CPU.Build.0 = Debug|Any CPU
		{7ACFDE9C-E989-4236-84B1-30FEAA036093}.Release|Any CPU.ActiveCfg = Release|Any CPU
		{7ACFDE9C-E989-4236-84B1-30FEAA036093}.Release|Any CPU.Build.0 = Release|Any CPU
	EndGlobalSection
	GlobalSection(SolutionProperties) = preSolution
		HideSolutionNode = FALSE
	EndGlobalSection
	GlobalSection(ExtensibilityGlobals) = postSolution
		SolutionGuid = {7C1FD115-DFB2-45E3-B650-07922A94DB82}
	EndGlobalSection
EndGlobal
